// !$*UTF8*$!
{
	archiveVersion = 1;
	classes = {
	};
	objectVersion = 46;
	objects = {

/* Begin PBXBuildFile section */
		1802B45C1E10D3A300A6A2D1 /* TYTableViewVc.m in Sources */ = {isa = PBXBuildFile; fileRef = 1802B45B1E10D3A300A6A2D1 /* TYTableViewVc.m */; };
		18C29ADE1E1286230047E25D /* TYWKWebViewVc.m in Sources */ = {isa = PBXBuildFile; fileRef = 18C29ADD1E1286230047E25D /* TYWKWebViewVc.m */; };
		2B061250D05CC2746ED04411 /* libPods-TYSnapshotScrollDemo.a in Frameworks */ = {isa = PBXBuildFile; fileRef = 8135180C4FCDC473B881A133 /* libPods-TYSnapshotScrollDemo.a */; };
		307205D91D33C1CD0011A262 /* main.m in Sources */ = {isa = PBXBuildFile; fileRef = 307205D81D33C1CD0011A262 /* main.m */; };
		307205DC1D33C1CD0011A262 /* AppDelegate.m in Sources */ = {isa = PBXBuildFile; fileRef = 307205DB1D33C1CD0011A262 /* AppDelegate.m */; };
		307205DF1D33C1CD0011A262 /* TYBaseViewController.m in Sources */ = {isa = PBXBuildFile; fileRef = 307205DE1D33C1CD0011A262 /* TYBaseViewController.m */; };
		307205E21D33C1CD0011A262 /* Main.storyboard in Resources */ = {isa = PBXBuildFile; fileRef = 307205E01D33C1CD0011A262 /* Main.storyboard */; };
		307205E41D33C1CD0011A262 /* Assets.xcassets in Resources */ = {isa = PBXBuildFile; fileRef = 307205E31D33C1CD0011A262 /* Assets.xcassets */; };
		307205E71D33C1CD0011A262 /* LaunchScreen.storyboard in Resources */ = {isa = PBXBuildFile; fileRef = 307205E51D33C1CD0011A262 /* LaunchScreen.storyboard */; };
		307205F21D33C1CD0011A262 /* TYSnapshotScrollDemoTests.m in Sources */ = {isa = PBXBuildFile; fileRef = 307205F11D33C1CD0011A262 /* TYSnapshotScrollDemoTests.m */; };
		307205FD1D33C1CD0011A262 /* TYSnapshotScrollDemoUITests.m in Sources */ = {isa = PBXBuildFile; fileRef = 307205FC1D33C1CD0011A262 /* TYSnapshotScrollDemoUITests.m */; };
		6A06BA2A23839A44006986A3 /* TYLayoutScrollViewVc.m in Sources */ = {isa = PBXBuildFile; fileRef = 6A06BA2923839A44006986A3 /* TYLayoutScrollViewVc.m */; };
		6A2C9D3724650F240044A28C /* TYCustomCollectionViewCell.m in Sources */ = {isa = PBXBuildFile; fileRef = 6A2C9D3624650F240044A28C /* TYCustomCollectionViewCell.m */; };
		6A58241A236BE3C300F27469 /* TYScrollEmbedVc.m in Sources */ = {isa = PBXBuildFile; fileRef = 6A582419236BE3C300F27469 /* TYScrollEmbedVc.m */; };
		6A5AD2B32462950B00EFFC79 /* TYLongViewController.m in Sources */ = {isa = PBXBuildFile; fileRef = 6A5AD2B12462950B00EFFC79 /* TYLongViewController.m */; };
		6A675A1B1FEF8E0200BA2B46 /* TYCollectionViewVc.m in Sources */ = {isa = PBXBuildFile; fileRef = 6A675A1A1FEF8E0200BA2B46 /* TYCollectionViewVc.m */; };
		6A68832623BF391A00486773 /* TYViewVc.m in Sources */ = {isa = PBXBuildFile; fileRef = 6A68832523BF391A00486773 /* TYViewVc.m */; };
		6A6BC5E91FC7BCF1006608B1 /* TYPreviewVc.m in Sources */ = {isa = PBXBuildFile; fileRef = 6A6BC5E81FC7BCF1006608B1 /* TYPreviewVc.m */; };
		6A7EF9B72477C270008A6A53 /* TYTextViewVc.m in Sources */ = {isa = PBXBuildFile; fileRef = 6A7EF9B62477C270008A6A53 /* TYTextViewVc.m */; };
		6A895EBE1FC575B100D0C91D /* TYBaseVc.m in Sources */ = {isa = PBXBuildFile; fileRef = 6A895EBD1FC575B100D0C91D /* TYBaseVc.m */; };
		6A895EC11FC5786500D0C91D /* TYScrollViewVc.m in Sources */ = {isa = PBXBuildFile; fileRef = 6A895EC01FC5786500D0C91D /* TYScrollViewVc.m */; };
		6AF326192382384300651608 /* TYVFLWKWebViewVc.m in Sources */ = {isa = PBXBuildFile; fileRef = 6AF326182382384300651608 /* TYVFLWKWebViewVc.m */; };
/* End PBXBuildFile section */

/* Begin PBXContainerItemProxy section */
		307205EE1D33C1CD0011A262 /* PBXContainerItemProxy */ = {
			isa = PBXContainerItemProxy;
			containerPortal = 307205CC1D33C1CD0011A262 /* Project object */;
			proxyType = 1;
			remoteGlobalIDString = 307205D31D33C1CD0011A262;
			remoteInfo = TYSnapshotScrollDemo;
		};
		307205F91D33C1CD0011A262 /* PBXContainerItemProxy */ = {
			isa = PBXContainerItemProxy;
			containerPortal = 307205CC1D33C1CD0011A262 /* Project object */;
			proxyType = 1;
			remoteGlobalIDString = 307205D31D33C1CD0011A262;
			remoteInfo = TYSnapshotScrollDemo;
		};
/* End PBXContainerItemProxy section */

/* Begin PBXFileReference section */
		1802B45A1E10D3A300A6A2D1 /* TYTableViewVc.h */ = {isa = PBXFileReference; fileEncoding = 4; lastKnownFileType = sourcecode.c.h; path = TYTableViewVc.h; sourceTree = "<group>"; };
		1802B45B1E10D3A300A6A2D1 /* TYTableViewVc.m */ = {isa = PBXFileReference; fileEncoding = 4; lastKnownFileType = sourcecode.c.objc; path = TYTableViewVc.m; sourceTree = "<group>"; };
		18C29ADC1E1286230047E25D /* TYWKWebViewVc.h */ = {isa = PBXFileReference; fileEncoding = 4; lastKnownFileType = sourcecode.c.h; path = TYWKWebViewVc.h; sourceTree = "<group>"; };
		18C29ADD1E1286230047E25D /* TYWKWebViewVc.m */ = {isa = PBXFileReference; fileEncoding = 4; lastKnownFileType = sourcecode.c.objc; path = TYWKWebViewVc.m; sourceTree = "<group>"; };
		307205D41D33C1CD0011A262 /* TYSnapshotScrollDemo.app */ = {isa = PBXFileReference; explicitFileType = wrapper.application; includeInIndex = 0; path = TYSnapshotScrollDemo.app; sourceTree = BUILT_PRODUCTS_DIR; };
		307205D81D33C1CD0011A262 /* main.m */ = {isa = PBXFileReference; lastKnownFileType = sourcecode.c.objc; path = main.m; sourceTree = "<group>"; };
		307205DA1D33C1CD0011A262 /* AppDelegate.h */ = {isa = PBXFileReference; lastKnownFileType = sourcecode.c.h; path = AppDelegate.h; sourceTree = "<group>"; };
		307205DB1D33C1CD0011A262 /* AppDelegate.m */ = {isa = PBXFileReference; lastKnownFileType = sourcecode.c.objc; path = AppDelegate.m; sourceTree = "<group>"; };
		307205DD1D33C1CD0011A262 /* TYBaseViewController.h */ = {isa = PBXFileReference; lastKnownFileType = sourcecode.c.h; path = TYBaseViewController.h; sourceTree = "<group>"; };
		307205DE1D33C1CD0011A262 /* TYBaseViewController.m */ = {isa = PBXFileReference; lastKnownFileType = sourcecode.c.objc; path = TYBaseViewController.m; sourceTree = "<group>"; };
		307205E11D33C1CD0011A262 /* Base */ = {isa = PBXFileReference; lastKnownFileType = file.storyboard; name = Base; path = Base.lproj/Main.storyboard; sourceTree = "<group>"; };
		307205E31D33C1CD0011A262 /* Assets.xcassets */ = {isa = PBXFileReference; lastKnownFileType = folder.assetcatalog; path = Assets.xcassets; sourceTree = "<group>"; };
		307205E61D33C1CD0011A262 /* Base */ = {isa = PBXFileReference; lastKnownFileType = file.storyboard; name = Base; path = Base.lproj/LaunchScreen.storyboard; sourceTree = "<group>"; };
		307205E81D33C1CD0011A262 /* Info.plist */ = {isa = PBXFileReference; lastKnownFileType = text.plist.xml; path = Info.plist; sourceTree = "<group>"; };
		307205ED1D33C1CD0011A262 /* TYSnapshotScrollDemoTests.xctest */ = {isa = PBXFileReference; explicitFileType = wrapper.cfbundle; includeInIndex = 0; path = TYSnapshotScrollDemoTests.xctest; sourceTree = BUILT_PRODUCTS_DIR; };
		307205F11D33C1CD0011A262 /* TYSnapshotScrollDemoTests.m */ = {isa = PBXFileReference; lastKnownFileType = sourcecode.c.objc; path = TYSnapshotScrollDemoTests.m; sourceTree = "<group>"; };
		307205F31D33C1CD0011A262 /* Info.plist */ = {isa = PBXFileReference; lastKnownFileType = text.plist.xml; path = Info.plist; sourceTree = "<group>"; };
		307205F81D33C1CD0011A262 /* TYSnapshotScrollDemoUITests.xctest */ = {isa = PBXFileReference; explicitFileType = wrapper.cfbundle; includeInIndex = 0; path = TYSnapshotScrollDemoUITests.xctest; sourceTree = BUILT_PRODUCTS_DIR; };
		307205FC1D33C1CD0011A262 /* TYSnapshotScrollDemoUITests.m */ = {isa = PBXFileReference; lastKnownFileType = sourcecode.c.objc; path = TYSnapshotScrollDemoUITests.m; sourceTree = "<group>"; };
		307205FE1D33C1CD0011A262 /* Info.plist */ = {isa = PBXFileReference; lastKnownFileType = text.plist.xml; path = Info.plist; sourceTree = "<group>"; };
		6A06BA2823839A44006986A3 /* TYLayoutScrollViewVc.h */ = {isa = PBXFileReference; lastKnownFileType = sourcecode.c.h; path = TYLayoutScrollViewVc.h; sourceTree = "<group>"; };
		6A06BA2923839A44006986A3 /* TYLayoutScrollViewVc.m */ = {isa = PBXFileReference; lastKnownFileType = sourcecode.c.objc; path = TYLayoutScrollViewVc.m; sourceTree = "<group>"; };
		6A2C9D3524650F240044A28C /* TYCustomCollectionViewCell.h */ = {isa = PBXFileReference; lastKnownFileType = sourcecode.c.h; path = TYCustomCollectionViewCell.h; sourceTree = "<group>"; };
		6A2C9D3624650F240044A28C /* TYCustomCollectionViewCell.m */ = {isa = PBXFileReference; lastKnownFileType = sourcecode.c.objc; path = TYCustomCollectionViewCell.m; sourceTree = "<group>"; };
		6A582418236BE3C300F27469 /* TYScrollEmbedVc.h */ = {isa = PBXFileReference; lastKnownFileType = sourcecode.c.h; path = TYScrollEmbedVc.h; sourceTree = "<group>"; };
		6A582419236BE3C300F27469 /* TYScrollEmbedVc.m */ = {isa = PBXFileReference; lastKnownFileType = sourcecode.c.objc; path = TYScrollEmbedVc.m; sourceTree = "<group>"; };
		6A5AD2B12462950B00EFFC79 /* TYLongViewController.m */ = {isa = PBXFileReference; fileEncoding = 4; lastKnownFileType = sourcecode.c.objc; path = TYLongViewController.m; sourceTree = "<group>"; };
		6A5AD2B22462950B00EFFC79 /* TYLongViewController.h */ = {isa = PBXFileReference; fileEncoding = 4; lastKnownFileType = sourcecode.c.h; path = TYLongViewController.h; sourceTree = "<group>"; };
		6A675A191FEF8E0200BA2B46 /* TYCollectionViewVc.h */ = {isa = PBXFileReference; lastKnownFileType = sourcecode.c.h; path = TYCollectionViewVc.h; sourceTree = "<group>"; };
		6A675A1A1FEF8E0200BA2B46 /* TYCollectionViewVc.m */ = {isa = PBXFileReference; lastKnownFileType = sourcecode.c.objc; path = TYCollectionViewVc.m; sourceTree = "<group>"; };
		6A68832423BF391A00486773 /* TYViewVc.h */ = {isa = PBXFileReference; lastKnownFileType = sourcecode.c.h; path = TYViewVc.h; sourceTree = "<group>"; };
		6A68832523BF391A00486773 /* TYViewVc.m */ = {isa = PBXFileReference; lastKnownFileType = sourcecode.c.objc; path = TYViewVc.m; sourceTree = "<group>"; };
		6A6BC5E71FC7BCF1006608B1 /* TYPreviewVc.h */ = {isa = PBXFileReference; lastKnownFileType = sourcecode.c.h; path = TYPreviewVc.h; sourceTree = "<group>"; };
		6A6BC5E81FC7BCF1006608B1 /* TYPreviewVc.m */ = {isa = PBXFileReference; lastKnownFileType = sourcecode.c.objc; path = TYPreviewVc.m; sourceTree = "<group>"; };
		6A7EF9B324777FF2008A6A53 /* libTYSnapshotScroll.a */ = {isa = PBXFileReference; explicitFileType = archive.ar; path = libTYSnapshotScroll.a; sourceTree = BUILT_PRODUCTS_DIR; };
		6A7EF9B52477C270008A6A53 /* TYTextViewVc.h */ = {isa = PBXFileReference; lastKnownFileType = sourcecode.c.h; path = TYTextViewVc.h; sourceTree = "<group>"; };
		6A7EF9B62477C270008A6A53 /* TYTextViewVc.m */ = {isa = PBXFileReference; lastKnownFileType = sourcecode.c.objc; path = TYTextViewVc.m; sourceTree = "<group>"; };
		6A895EBC1FC575B100D0C91D /* TYBaseVc.h */ = {isa = PBXFileReference; lastKnownFileType = sourcecode.c.h; path = TYBaseVc.h; sourceTree = "<group>"; };
		6A895EBD1FC575B100D0C91D /* TYBaseVc.m */ = {isa = PBXFileReference; lastKnownFileType = sourcecode.c.objc; path = TYBaseVc.m; sourceTree = "<group>"; };
		6A895EBF1FC5786500D0C91D /* TYScrollViewVc.h */ = {isa = PBXFileReference; lastKnownFileType = sourcecode.c.h; path = TYScrollViewVc.h; sourceTree = "<group>"; };
		6A895EC01FC5786500D0C91D /* TYScrollViewVc.m */ = {isa = PBXFileReference; lastKnownFileType = sourcecode.c.objc; path = TYScrollViewVc.m; sourceTree = "<group>"; };
		6AF326172382384300651608 /* TYVFLWKWebViewVc.h */ = {isa = PBXFileReference; lastKnownFileType = sourcecode.c.h; path = TYVFLWKWebViewVc.h; sourceTree = "<group>"; };
		6AF326182382384300651608 /* TYVFLWKWebViewVc.m */ = {isa = PBXFileReference; lastKnownFileType = sourcecode.c.objc; path = TYVFLWKWebViewVc.m; sourceTree = "<group>"; };
		77BB7458EFB241D1A028AB5A /* Pods-TYSnapshotScrollDemo.release.xcconfig */ = {isa = PBXFileReference; includeInIndex = 1; lastKnownFileType = text.xcconfig; name = "Pods-TYSnapshotScrollDemo.release.xcconfig"; path = "Target Support Files/Pods-TYSnapshotScrollDemo/Pods-TYSnapshotScrollDemo.release.xcconfig"; sourceTree = "<group>"; };
		8135180C4FCDC473B881A133 /* libPods-TYSnapshotScrollDemo.a */ = {isa = PBXFileReference; explicitFileType = archive.ar; includeInIndex = 0; path = "libPods-TYSnapshotScrollDemo.a"; sourceTree = BUILT_PRODUCTS_DIR; };
		8B6FDBF859F7FA84F15DB819 /* Pods-TYSnapshotScrollDemo.debug.xcconfig */ = {isa = PBXFileReference; includeInIndex = 1; lastKnownFileType = text.xcconfig; name = "Pods-TYSnapshotScrollDemo.debug.xcconfig"; path = "Target Support Files/Pods-TYSnapshotScrollDemo/Pods-TYSnapshotScrollDemo.debug.xcconfig"; sourceTree = "<group>"; };
/* End PBXFileReference section */

/* Begin PBXFrameworksBuildPhase section */
		307205D11D33C1CD0011A262 /* Frameworks */ = {
			isa = PBXFrameworksBuildPhase;
			buildActionMask = 2147483647;
			files = (
				2B061250D05CC2746ED04411 /* libPods-TYSnapshotScrollDemo.a in Frameworks */,
			);
			runOnlyForDeploymentPostprocessing = 0;
		};
		307205EA1D33C1CD0011A262 /* Frameworks */ = {
			isa = PBXFrameworksBuildPhase;
			buildActionMask = 2147483647;
			files = (
			);
			runOnlyForDeploymentPostprocessing = 0;
		};
		307205F51D33C1CD0011A262 /* Frameworks */ = {
			isa = PBXFrameworksBuildPhase;
			buildActionMask = 2147483647;
			files = (
			);
			runOnlyForDeploymentPostprocessing = 0;
		};
/* End PBXFrameworksBuildPhase section */

/* Begin PBXGroup section */
		1802B4561E10D2F900A6A2D1 /* SubViewControllers */ = {
			isa = PBXGroup;
			children = (
				6A895EBC1FC575B100D0C91D /* TYBaseVc.h */,
				6A895EBD1FC575B100D0C91D /* TYBaseVc.m */,
				1802B45A1E10D3A300A6A2D1 /* TYTableViewVc.h */,
				1802B45B1E10D3A300A6A2D1 /* TYTableViewVc.m */,
				18C29ADC1E1286230047E25D /* TYWKWebViewVc.h */,
				18C29ADD1E1286230047E25D /* TYWKWebViewVc.m */,
				6A895EBF1FC5786500D0C91D /* TYScrollViewVc.h */,
				6A895EC01FC5786500D0C91D /* TYScrollViewVc.m */,
				6A06BA2823839A44006986A3 /* TYLayoutScrollViewVc.h */,
				6A06BA2923839A44006986A3 /* TYLayoutScrollViewVc.m */,
				6A675A191FEF8E0200BA2B46 /* TYCollectionViewVc.h */,
				6A675A1A1FEF8E0200BA2B46 /* TYCollectionViewVc.m */,
				6A582418236BE3C300F27469 /* TYScrollEmbedVc.h */,
				6A582419236BE3C300F27469 /* TYScrollEmbedVc.m */,
				6AF326172382384300651608 /* TYVFLWKWebViewVc.h */,
				6AF326182382384300651608 /* TYVFLWKWebViewVc.m */,
				6A68832423BF391A00486773 /* TYViewVc.h */,
				6A68832523BF391A00486773 /* TYViewVc.m */,
				6A7EF9B52477C270008A6A53 /* TYTextViewVc.h */,
				6A7EF9B62477C270008A6A53 /* TYTextViewVc.m */,
				6A6BC5E71FC7BCF1006608B1 /* TYPreviewVc.h */,
				6A6BC5E81FC7BCF1006608B1 /* TYPreviewVc.m */,
			);
			path = SubViewControllers;
			sourceTree = "<group>";
		};
		307205CB1D33C1CD0011A262 = {
			isa = PBXGroup;
			children = (
				307205D61D33C1CD0011A262 /* TYSnapshotScrollDemo */,
				307205F01D33C1CD0011A262 /* TYSnapshotScrollDemoTests */,
				307205FB1D33C1CD0011A262 /* TYSnapshotScrollDemoUITests */,
				307205D51D33C1CD0011A262 /* Products */,
				4235895B1797C69E42159303 /* Frameworks */,
				704E326A846FC3BC80004997 /* Pods */,
			);
			sourceTree = "<group>";
		};
		307205D51D33C1CD0011A262 /* Products */ = {
			isa = PBXGroup;
			children = (
				307205D41D33C1CD0011A262 /* TYSnapshotScrollDemo.app */,
				307205ED1D33C1CD0011A262 /* TYSnapshotScrollDemoTests.xctest */,
				307205F81D33C1CD0011A262 /* TYSnapshotScrollDemoUITests.xctest */,
			);
			name = Products;
			sourceTree = "<group>";
		};
		307205D61D33C1CD0011A262 /* TYSnapshotScrollDemo */ = {
			isa = PBXGroup;
			children = (
				6A2C9D3424650F050044A28C /* CustomView */,
				307205D71D33C1CD0011A262 /* Supporting Files */,
				307205DA1D33C1CD0011A262 /* AppDelegate.h */,
				307205DB1D33C1CD0011A262 /* AppDelegate.m */,
				307205DD1D33C1CD0011A262 /* TYBaseViewController.h */,
				307205DE1D33C1CD0011A262 /* TYBaseViewController.m */,
				6A5AD2B22462950B00EFFC79 /* TYLongViewController.h */,
				6A5AD2B12462950B00EFFC79 /* TYLongViewController.m */,
				307205E01D33C1CD0011A262 /* Main.storyboard */,
				307205E31D33C1CD0011A262 /* Assets.xcassets */,
				307205E51D33C1CD0011A262 /* LaunchScreen.storyboard */,
				307205E81D33C1CD0011A262 /* Info.plist */,
				1802B4561E10D2F900A6A2D1 /* SubViewControllers */,
			);
			path = TYSnapshotScrollDemo;
			sourceTree = "<group>";
		};
		307205D71D33C1CD0011A262 /* Supporting Files */ = {
			isa = PBXGroup;
			children = (
				307205D81D33C1CD0011A262 /* main.m */,
			);
			name = "Supporting Files";
			sourceTree = "<group>";
		};
		307205F01D33C1CD0011A262 /* TYSnapshotScrollDemoTests */ = {
			isa = PBXGroup;
			children = (
				307205F11D33C1CD0011A262 /* TYSnapshotScrollDemoTests.m */,
				307205F31D33C1CD0011A262 /* Info.plist */,
			);
			path = TYSnapshotScrollDemoTests;
			sourceTree = "<group>";
		};
		307205FB1D33C1CD0011A262 /* TYSnapshotScrollDemoUITests */ = {
			isa = PBXGroup;
			children = (
				307205FC1D33C1CD0011A262 /* TYSnapshotScrollDemoUITests.m */,
				307205FE1D33C1CD0011A262 /* Info.plist */,
			);
			path = TYSnapshotScrollDemoUITests;
			sourceTree = "<group>";
		};
		4235895B1797C69E42159303 /* Frameworks */ = {
			isa = PBXGroup;
			children = (
				6A7EF9B324777FF2008A6A53 /* libTYSnapshotScroll.a */,
				8135180C4FCDC473B881A133 /* libPods-TYSnapshotScrollDemo.a */,
			);
			name = Frameworks;
			sourceTree = "<group>";
		};
		6A2C9D3424650F050044A28C /* CustomView */ = {
			isa = PBXGroup;
			children = (
				6A2C9D3524650F240044A28C /* TYCustomCollectionViewCell.h */,
				6A2C9D3624650F240044A28C /* TYCustomCollectionViewCell.m */,
			);
			path = CustomView;
			sourceTree = "<group>";
		};
		704E326A846FC3BC80004997 /* Pods */ = {
			isa = PBXGroup;
			children = (
				8B6FDBF859F7FA84F15DB819 /* Pods-TYSnapshotScrollDemo.debug.xcconfig */,
				77BB7458EFB241D1A028AB5A /* Pods-TYSnapshotScrollDemo.release.xcconfig */,
			);
			path = Pods;
			sourceTree = "<group>";
		};
/* End PBXGroup section */

/* Begin PBXNativeTarget section */
		307205D31D33C1CD0011A262 /* TYSnapshotScrollDemo */ = {
			isa = PBXNativeTarget;
			buildConfigurationList = 307206011D33C1CD0011A262 /* Build configuration list for PBXNativeTarget "TYSnapshotScrollDemo" */;
			buildPhases = (
				EF19DAA5126E185467AFD0D6 /* [CP] Check Pods Manifest.lock */,
				307205D01D33C1CD0011A262 /* Sources */,
				307205D11D33C1CD0011A262 /* Frameworks */,
				307205D21D33C1CD0011A262 /* Resources */,
			);
			buildRules = (
			);
			dependencies = (
			);
			name = TYSnapshotScrollDemo;
			productName = TYSnapshotScrollDemo;
			productReference = 307205D41D33C1CD0011A262 /* TYSnapshotScrollDemo.app */;
			productType = "com.apple.product-type.application";
		};
		307205EC1D33C1CD0011A262 /* TYSnapshotScrollDemoTests */ = {
			isa = PBXNativeTarget;
			buildConfigurationList = 307206041D33C1CD0011A262 /* Build configuration list for PBXNativeTarget "TYSnapshotScrollDemoTests" */;
			buildPhases = (
				307205E91D33C1CD0011A262 /* Sources */,
				307205EA1D33C1CD0011A262 /* Frameworks */,
				307205EB1D33C1CD0011A262 /* Resources */,
			);
			buildRules = (
			);
			dependencies = (
				307205EF1D33C1CD0011A262 /* PBXTargetDependency */,
			);
			name = TYSnapshotScrollDemoTests;
			productName = TYSnapshotScrollDemoTests;
			productReference = 307205ED1D33C1CD0011A262 /* TYSnapshotScrollDemoTests.xctest */;
			productType = "com.apple.product-type.bundle.unit-test";
		};
		307205F71D33C1CD0011A262 /* TYSnapshotScrollDemoUITests */ = {
			isa = PBXNativeTarget;
			buildConfigurationList = 307206071D33C1CD0011A262 /* Build configuration list for PBXNativeTarget "TYSnapshotScrollDemoUITests" */;
			buildPhases = (
				307205F41D33C1CD0011A262 /* Sources */,
				307205F51D33C1CD0011A262 /* Frameworks */,
				307205F61D33C1CD0011A262 /* Resources */,
			);
			buildRules = (
			);
			dependencies = (
				307205FA1D33C1CD0011A262 /* PBXTargetDependency */,
			);
			name = TYSnapshotScrollDemoUITests;
			productName = TYSnapshotScrollDemoUITests;
			productReference = 307205F81D33C1CD0011A262 /* TYSnapshotScrollDemoUITests.xctest */;
			productType = "com.apple.product-type.bundle.ui-testing";
		};
/* End PBXNativeTarget section */

/* Begin PBXProject section */
		307205CC1D33C1CD0011A262 /* Project object */ = {
			isa = PBXProject;
			attributes = {
				LastUpgradeCheck = 1130;
				ORGANIZATIONNAME = TonyReet;
				TargetAttributes = {
					307205D31D33C1CD0011A262 = {
						CreatedOnToolsVersion = 7.3.1;
					};
					307205EC1D33C1CD0011A262 = {
						CreatedOnToolsVersion = 7.3.1;
						TestTargetID = 307205D31D33C1CD0011A262;
					};
					307205F71D33C1CD0011A262 = {
						CreatedOnToolsVersion = 7.3.1;
						TestTargetID = 307205D31D33C1CD0011A262;
					};
				};
			};
			buildConfigurationList = 307205CF1D33C1CD0011A262 /* Build configuration list for PBXProject "TYSnapshotScrollDemo" */;
			compatibilityVersion = "Xcode 3.2";
			developmentRegion = en;
			hasScannedForEncodings = 0;
			knownRegions = (
				en,
				Base,
			);
			mainGroup = 307205CB1D33C1CD0011A262;
			productRefGroup = 307205D51D33C1CD0011A262 /* Products */;
			projectDirPath = "";
			projectRoot = "";
			targets = (
				307205D31D33C1CD0011A262 /* TYSnapshotScrollDemo */,
				307205EC1D33C1CD0011A262 /* TYSnapshotScrollDemoTests */,
				307205F71D33C1CD0011A262 /* TYSnapshotScrollDemoUITests */,
			);
		};
/* End PBXProject section */

/* Begin PBXResourcesBuildPhase section */
		307205D21D33C1CD0011A262 /* Resources */ = {
			isa = PBXResourcesBuildPhase;
			buildActionMask = 2147483647;
			files = (
				307205E71D33C1CD0011A262 /* LaunchScreen.storyboard in Resources */,
				307205E41D33C1CD0011A262 /* Assets.xcassets in Resources */,
				307205E21D33C1CD0011A262 /* Main.storyboard in Resources */,
			);
			runOnlyForDeploymentPostprocessing = 0;
		};
		307205EB1D33C1CD0011A262 /* Resources */ = {
			isa = PBXResourcesBuildPhase;
			buildActionMask = 2147483647;
			files = (
			);
			runOnlyForDeploymentPostprocessing = 0;
		};
		307205F61D33C1CD0011A262 /* Resources */ = {
			isa = PBXResourcesBuildPhase;
			buildActionMask = 2147483647;
			files = (
			);
			runOnlyForDeploymentPostprocessing = 0;
		};
/* End PBXResourcesBuildPhase section */

/* Begin PBXShellScriptBuildPhase section */
		EF19DAA5126E185467AFD0D6 /* [CP] Check Pods Manifest.lock */ = {
			isa = PBXShellScriptBuildPhase;
			buildActionMask = 2147483647;
			files = (
			);
			inputFileListPaths = (
			);
			inputPaths = (
				"${PODS_PODFILE_DIR_PATH}/Podfile.lock",
				"${PODS_ROOT}/Manifest.lock",
			);
			name = "[CP] Check Pods Manifest.lock";
			outputFileListPaths = (
			);
			outputPaths = (
				"$(DERIVED_FILE_DIR)/Pods-TYSnapshotScrollDemo-checkManifestLockResult.txt",
			);
			runOnlyForDeploymentPostprocessing = 0;
			shellPath = /bin/sh;
			shellScript = "diff \"${PODS_PODFILE_DIR_PATH}/Podfile.lock\" \"${PODS_ROOT}/Manifest.lock\" > /dev/null\nif [ $? != 0 ] ; then\n    # print error to STDERR\n    echo \"error: The sandbox is not in sync with the Podfile.lock. Run 'pod install' or update your CocoaPods installation.\" >&2\n    exit 1\nfi\n# This output is used by Xcode 'outputs' to avoid re-running this script phase.\necho \"SUCCESS\" > \"${SCRIPT_OUTPUT_FILE_0}\"\n";
			showEnvVarsInLog = 0;
		};
/* End PBXShellScriptBuildPhase section */

/* Begin PBXSourcesBuildPhase section */
		307205D01D33C1CD0011A262 /* Sources */ = {
			isa = PBXSourcesBuildPhase;
			buildActionMask = 2147483647;
			files = (
				6A06BA2A23839A44006986A3 /* TYLayoutScrollViewVc.m in Sources */,
				6A58241A236BE3C300F27469 /* TYScrollEmbedVc.m in Sources */,
				6AF326192382384300651608 /* TYVFLWKWebViewVc.m in Sources */,
				6A6BC5E91FC7BCF1006608B1 /* TYPreviewVc.m in Sources */,
				307205DF1D33C1CD0011A262 /* TYBaseViewController.m in Sources */,
				6A675A1B1FEF8E0200BA2B46 /* TYCollectionViewVc.m in Sources */,
				6A68832623BF391A00486773 /* TYViewVc.m in Sources */,
				307205DC1D33C1CD0011A262 /* AppDelegate.m in Sources */,
				6A895EC11FC5786500D0C91D /* TYScrollViewVc.m in Sources */,
				6A7EF9B72477C270008A6A53 /* TYTextViewVc.m in Sources */,
				18C29ADE1E1286230047E25D /* TYWKWebViewVc.m in Sources */,
				6A2C9D3724650F240044A28C /* TYCustomCollectionViewCell.m in Sources */,
				307205D91D33C1CD0011A262 /* main.m in Sources */,
				6A895EBE1FC575B100D0C91D /* TYBaseVc.m in Sources */,
				1802B45C1E10D3A300A6A2D1 /* TYTableViewVc.m in Sources */,
				6A5AD2B32462950B00EFFC79 /* TYLongViewController.m in Sources */,
			);
			runOnlyForDeploymentPostprocessing = 0;
		};
		307205E91D33C1CD0011A262 /* Sources */ = {
			isa = PBXSourcesBuildPhase;
			buildActionMask = 2147483647;
			files = (
				307205F21D33C1CD0011A262 /* TYSnapshotScrollDemoTests.m in Sources */,
			);
			runOnlyForDeploymentPostprocessing = 0;
		};
		307205F41D33C1CD0011A262 /* Sources */ = {
			isa = PBXSourcesBuildPhase;
			buildActionMask = 2147483647;
			files = (
				307205FD1D33C1CD0011A262 /* TYSnapshotScrollDemoUITests.m in Sources */,
			);
			runOnlyForDeploymentPostprocessing = 0;
		};
/* End PBXSourcesBuildPhase section */

/* Begin PBXTargetDependency section */
		307205EF1D33C1CD0011A262 /* PBXTargetDependency */ = {
			isa = PBXTargetDependency;
			target = 307205D31D33C1CD0011A262 /* TYSnapshotScrollDemo */;
			targetProxy = 307205EE1D33C1CD0011A262 /* PBXContainerItemProxy */;
		};
		307205FA1D33C1CD0011A262 /* PBXTargetDependency */ = {
			isa = PBXTargetDependency;
			target = 307205D31D33C1CD0011A262 /* TYSnapshotScrollDemo */;
			targetProxy = 307205F91D33C1CD0011A262 /* PBXContainerItemProxy */;
		};
/* End PBXTargetDependency section */

/* Begin PBXVariantGroup section */
		307205E01D33C1CD0011A262 /* Main.storyboard */ = {
			isa = PBXVariantGroup;
			children = (
				307205E11D33C1CD0011A262 /* Base */,
			);
			name = Main.storyboard;
			sourceTree = "<group>";
		};
		307205E51D33C1CD0011A262 /* LaunchScreen.storyboard */ = {
			isa = PBXVariantGroup;
			children = (
				307205E61D33C1CD0011A262 /* Base */,
			);
			name = LaunchScreen.storyboard;
			sourceTree = "<group>";
		};
/* End PBXVariantGroup section */

/* Begin XCBuildConfiguration section */
		307205FF1D33C1CD0011A262 /* Debug */ = {
			isa = XCBuildConfiguration;
			buildSettings = {
				ALWAYS_SEARCH_USER_PATHS = NO;
				CLANG_ANALYZER_LOCALIZABILITY_NONLOCALIZED = YES;
				CLANG_ANALYZER_NONNULL = YES;
				CLANG_CXX_LANGUAGE_STANDARD = "gnu++0x";
				CLANG_CXX_LIBRARY = "libc++";
				CLANG_ENABLE_MODULES = YES;
				CLANG_ENABLE_OBJC_ARC = YES;
				CLANG_WARN_BLOCK_CAPTURE_AUTORELEASING = YES;
				CLANG_WARN_BOOL_CONVERSION = YES;
				CLANG_WARN_COMMA = YES;
				CLANG_WARN_CONSTANT_CONVERSION = YES;
				CLANG_WARN_DEPRECATED_OBJC_IMPLEMENTATIONS = YES;
				CLANG_WARN_DIRECT_OBJC_ISA_USAGE = YES_ERROR;
				CLANG_WARN_EMPTY_BODY = YES;
				CLANG_WARN_ENUM_CONVERSION = YES;
				CLANG_WARN_INFINITE_RECURSION = YES;
				CLANG_WARN_INT_CONVERSION = YES;
				CLANG_WARN_NON_LITERAL_NULL_CONVERSION = YES;
				CLANG_WARN_OBJC_IMPLICIT_RETAIN_SELF = YES;
				CLANG_WARN_OBJC_LITERAL_CONVERSION = YES;
				CLANG_WARN_OBJC_ROOT_CLASS = YES_ERROR;
				CLANG_WARN_RANGE_LOOP_ANALYSIS = YES;
				CLANG_WARN_STRICT_PROTOTYPES = YES;
				CLANG_WARN_SUSPICIOUS_MOVE = YES;
				CLANG_WARN_UNREACHABLE_CODE = YES;
				CLANG_WARN__DUPLICATE_METHOD_MATCH = YES;
				"CODE_SIGN_IDENTITY[sdk=iphoneos*]" = "iPhone Developer";
				COPY_PHASE_STRIP = NO;
				DEBUG_INFORMATION_FORMAT = dwarf;
				ENABLE_STRICT_OBJC_MSGSEND = YES;
				ENABLE_TESTABILITY = YES;
				GCC_C_LANGUAGE_STANDARD = gnu99;
				GCC_DYNAMIC_NO_PIC = NO;
				GCC_NO_COMMON_BLOCKS = YES;
				GCC_OPTIMIZATION_LEVEL = 0;
				GCC_PREPROCESSOR_DEFINITIONS = (
					"DEBUG=1",
					"$(inherited)",
				);
				GCC_WARN_64_TO_32_BIT_CONVERSION = YES;
				GCC_WARN_ABOUT_RETURN_TYPE = YES_ERROR;
				GCC_WARN_UNDECLARED_SELECTOR = YES;
				GCC_WARN_UNINITIALIZED_AUTOS = YES_AGGRESSIVE;
				GCC_WARN_UNUSED_FUNCTION = YES;
				GCC_WARN_UNUSED_VARIABLE = YES;
				IPHONEOS_DEPLOYMENT_TARGET = 9.3;
				MTL_ENABLE_DEBUG_INFO = YES;
				ONLY_ACTIVE_ARCH = YES;
				SDKROOT = iphoneos;
				TARGETED_DEVICE_FAMILY = "1,2";
			};
			name = Debug;
		};
		307206001D33C1CD0011A262 /* Release */ = {
			isa = XCBuildConfiguration;
			buildSettings = {
				ALWAYS_SEARCH_USER_PATHS = NO;
				CLANG_ANALYZER_LOCALIZABILITY_NONLOCALIZED = YES;
				CLANG_ANALYZER_NONNULL = YES;
				CLANG_CXX_LANGUAGE_STANDARD = "gnu++0x";
				CLANG_CXX_LIBRARY = "libc++";
				CLANG_ENABLE_MODULES = YES;
				CLANG_ENABLE_OBJC_ARC = YES;
				CLANG_WARN_BLOCK_CAPTURE_AUTORELEASING = YES;
				CLANG_WARN_BOOL_CONVERSION = YES;
				CLANG_WARN_COMMA = YES;
				CLANG_WARN_CONSTANT_CONVERSION = YES;
				CLANG_WARN_DEPRECATED_OBJC_IMPLEMENTATIONS = YES;
				CLANG_WARN_DIRECT_OBJC_ISA_USAGE = YES_ERROR;
				CLANG_WARN_EMPTY_BODY = YES;
				CLANG_WARN_ENUM_CONVERSION = YES;
				CLANG_WARN_INFINITE_RECURSION = YES;
				CLANG_WARN_INT_CONVERSION = YES;
				CLANG_WARN_NON_LITERAL_NULL_CONVERSION = YES;
				CLANG_WARN_OBJC_IMPLICIT_RETAIN_SELF = YES;
				CLANG_WARN_OBJC_LITERAL_CONVERSION = YES;
				CLANG_WARN_OBJC_ROOT_CLASS = YES_ERROR;
				CLANG_WARN_RANGE_LOOP_ANALYSIS = YES;
				CLANG_WARN_STRICT_PROTOTYPES = YES;
				CLANG_WARN_SUSPICIOUS_MOVE = YES;
				CLANG_WARN_UNREACHABLE_CODE = YES;
				CLANG_WARN__DUPLICATE_METHOD_MATCH = YES;
				"CODE_SIGN_IDENTITY[sdk=iphoneos*]" = "iPhone Developer";
				COPY_PHASE_STRIP = NO;
				DEBUG_INFORMATION_FORMAT = "dwarf-with-dsym";
				ENABLE_NS_ASSERTIONS = NO;
				ENABLE_STRICT_OBJC_MSGSEND = YES;
				GCC_C_LANGUAGE_STANDARD = gnu99;
				GCC_NO_COMMON_BLOCKS = YES;
				GCC_WARN_64_TO_32_BIT_CONVERSION = YES;
				GCC_WARN_ABOUT_RETURN_TYPE = YES_ERROR;
				GCC_WARN_UNDECLARED_SELECTOR = YES;
				GCC_WARN_UNINITIALIZED_AUTOS = YES_AGGRESSIVE;
				GCC_WARN_UNUSED_FUNCTION = YES;
				GCC_WARN_UNUSED_VARIABLE = YES;
				IPHONEOS_DEPLOYMENT_TARGET = 9.3;
				MTL_ENABLE_DEBUG_INFO = NO;
				SDKROOT = iphoneos;
				TARGETED_DEVICE_FAMILY = "1,2";
				VALIDATE_PRODUCT = YES;
			};
			name = Release;
		};
		307206021D33C1CD0011A262 /* Debug */ = {
			isa = XCBuildConfiguration;
			baseConfigurationReference = 8B6FDBF859F7FA84F15DB819 /* Pods-TYSnapshotScrollDemo.debug.xcconfig */;
			buildSettings = {
				ASSETCATALOG_COMPILER_APPICON_NAME = AppIcon;
				DEVELOPMENT_TEAM = "";
				FRAMEWORK_SEARCH_PATHS = (
					"$(inherited)",
					"$(PROJECT_DIR)/TYSnapshotScroll",
				);
				INFOPLIST_FILE = TYSnapshotScrollDemo/Info.plist;
				IPHONEOS_DEPLOYMENT_TARGET = 8.0;
				LD_RUNPATH_SEARCH_PATHS = "$(inherited) @executable_path/Frameworks";
				OTHER_LDFLAGS = (
					"-ObjC",
					"$(inherited)",
				);
				PRODUCT_BUNDLE_IDENTIFIER = com.tonyreet.TYSnapshotScrollDemo;
				PRODUCT_NAME = "$(TARGET_NAME)";
			};
			name = Debug;
		};
		307206031D33C1CD0011A262 /* Release */ = {
			isa = XCBuildConfiguration;
			baseConfigurationReference = 77BB7458EFB241D1A028AB5A /* Pods-TYSnapshotScrollDemo.release.xcconfig */;
			buildSettings = {
				ASSETCATALOG_COMPILER_APPICON_NAME = AppIcon;
				DEVELOPMENT_TEAM = "";
				FRAMEWORK_SEARCH_PATHS = (
					"$(inherited)",
					"$(PROJECT_DIR)/TYSnapshotScroll",
				);
				INFOPLIST_FILE = TYSnapshotScrollDemo/Info.plist;
				IPHONEOS_DEPLOYMENT_TARGET = 8.0;
				LD_RUNPATH_SEARCH_PATHS = "$(inherited) @executable_path/Frameworks";
				OTHER_LDFLAGS = (
					"-ObjC",
					"$(inherited)",
				);
				PRODUCT_BUNDLE_IDENTIFIER = com.tonyreet.TYSnapshotScrollDemo;
				PRODUCT_NAME = "$(TARGET_NAME)";
			};
			name = Release;
		};
		307206051D33C1CD0011A262 /* Debug */ = {
			isa = XCBuildConfiguration;
			buildSettings = {
				BUNDLE_LOADER = "$(TEST_HOST)";
				INFOPLIST_FILE = TYSnapshotScrollDemoTests/Info.plist;
				LD_RUNPATH_SEARCH_PATHS = "$(inherited) @executable_path/Frameworks @loader_path/Frameworks";
				PRODUCT_BUNDLE_IDENTIFIER = com.tonyreet.TYSnapshotScrollDemoTests;
				PRODUCT_NAME = "$(TARGET_NAME)";
				TEST_HOST = "$(BUILT_PRODUCTS_DIR)/TYSnapshotScrollDemo.app/TYSnapshotScrollDemo";
			};
			name = Debug;
		};
		307206061D33C1CD0011A262 /* Release */ = {
			isa = XCBuildConfiguration;
			buildSettings = {
				BUNDLE_LOADER = "$(TEST_HOST)";
				INFOPLIST_FILE = TYSnapshotScrollDemoTests/Info.plist;
				LD_RUNPATH_SEARCH_PATHS = "$(inherited) @executable_path/Frameworks @loader_path/Frameworks";
				PRODUCT_BUNDLE_IDENTIFIER = com.tonyreet.TYSnapshotScrollDemoTests;
				PRODUCT_NAME = "$(TARGET_NAME)";
				TEST_HOST = "$(BUILT_PRODUCTS_DIR)/TYSnapshotScrollDemo.app/TYSnapshotScrollDemo";
			};
			name = Release;
		};
		307206081D33C1CD0011A262 /* Debug */ = {
			isa = XCBuildConfiguration;
			buildSettings = {
				INFOPLIST_FILE = TYSnapshotScrollDemoUITests/Info.plist;
				LD_RUNPATH_SEARCH_PATHS = "$(inherited) @executable_path/Frameworks @loader_path/Frameworks";
				PRODUCT_BUNDLE_IDENTIFIER = com.tonyreet.TYSnapshotScrollDemoUITests;
				PRODUCT_NAME = "$(TARGET_NAME)";
				TEST_TARGET_NAME = TYSnapshotScrollDemo;
			};
			name = Debug;
		};
		307206091D33C1CD0011A262 /* Release */ = {
			isa = XCBuildConfiguration;
			buildSettings = {
				INFOPLIST_FILE = TYSnapshotScrollDemoUITests/Info.plist;
				LD_RUNPATH_SEARCH_PATHS = "$(inherited) @executable_path/Frameworks @loader_path/Frameworks";
				PRODUCT_BUNDLE_IDENTIFIER = com.tonyreet.TYSnapshotScrollDemoUITests;
				PRODUCT_NAME = "$(TARGET_NAME)";
				TEST_TARGET_NAME = TYSnapshotScrollDemo;
			};
			name = Release;
		};
/* End XCBuildConfiguration section */

/* Begin XCConfigurationList section */
		307205CF1D33C1CD0011A262 /* Build configuration list for PBXProject "TYSnapshotScrollDemo" */ = {
			isa = XCConfigurationList;
			buildConfigurations = (
				307205FF1D33C1CD0011A262 /* Debug */,
				307206001D33C1CD0011A262 /* Release */,
			);
			defaultConfigurationIsVisible = 0;
			defaultConfigurationName = Release;
		};
		307206011D33C1CD0011A262 /* Build configuration list for PBXNativeTarget "TYSnapshotScrollDemo" */ = {
			isa = XCConfigurationList;
			buildConfigurations = (
				307206021D33C1CD0011A262 /* Debug */,
				307206031D33C1CD0011A262 /* Release */,
			);
			defaultConfigurationIsVisible = 0;
			defaultConfigurationName = Release;
		};
		307206041D33C1CD0011A262 /* Build configuration list for PBXNativeTarget "TYSnapshotScrollDemoTests" */ = {
			isa = XCConfigurationList;
			buildConfigurations = (
				307206051D33C1CD0011A262 /* Debug */,
				307206061D33C1CD0011A262 /* Release */,
			);
			defaultConfigurationIsVisible = 0;
			defaultConfigurationName = Release;
		};
		307206071D33C1CD0011A262 /* Build configuration list for PBXNativeTarget "TYSnapshotScrollDemoUITests" */ = {
			isa = XCConfigurationList;
			buildConfigurations = (
				307206081D33C1CD0011A262 /* Debug */,
				307206091D33C1CD0011A262 /* Release */,
			);
			defaultConfigurationIsVisible = 0;
			defaultConfigurationName = Release;
		};
/* End XCConfigurationList section */
	};
	rootObject = 307205CC1D33C1CD0011A262 /* Project object */;
}
